
Microsoft Visual Studio Solution File, Format Version 12.00
# Visual Studio 15
VisualStudioVersion = 15.0.27428.2002
MinimumVisualStudioVersion = 10.0.40219.1
Project("{FAE04EC0-301F-11D3-BF4B-00C04F79EFBC}") = "Dictionary", "Dictionary\Dictionary.csproj", "{7CA3C5E7-11F9-4395-815B-AC078DAB18E0}"
EndProject
Project("{9A19103F-16F7-4668-BE54-9A1E7A4F7556}") = "Testing", "Testing\Testing.csproj", "{8AAD4E17-0481-4A7D-9008-DB7642812513}"
EndProject
Project("{FAE04EC0-301F-11D3-BF4B-00C04F79EFBC}") = "Util", "Util\Util.csproj", "{E771E805-9CF3-497E-820A-48A6FB256C2C}"
EndProject
Global
	GlobalSection(SolutionConfigurationPlatforms) = preSolution
		Debug|Any CPU = Debug|Any CPU
		Release|Any CPU = Release|Any CPU
	EndGlobalSection
	GlobalSection(ProjectConfigurationPlatforms) = postSolution
		{7CA3C5E7-11F9-4395-815B-AC078DAB18E0}.Debug|Any CPU.ActiveCfg = Debug|Any CPU
		{7CA3C5E7-11F9-4395-815B-AC078DAB18E0}.Debug|Any CPU.Build.0 = Debug|Any CPU
		{7CA3C5E7-11F9-4395-815B-AC078DAB18E0}.Release|Any CPU.ActiveCfg = Release|Any CPU
		{7CA3C5E7-11F9-4395-815B-AC078DAB18E0}.Release|Any CPU.Build.0 = Release|Any CPU
		{8AAD4E17-0481-4A7D-9008-DB7642812513}.Debug|Any CPU.ActiveCfg = Debug|Any CPU
		{8AAD4E17-0481-4A7D-9008-DB7642812513}.Debug|Any CPU.Build.0 = Debug|Any CPU
		{8AAD4E17-0481-4A7D-9008-DB7642812513}.Release|Any CPU.ActiveCfg = Release|Any CPU
		{8AAD4E17-0481-4A7D-9008-DB7642812513}.Release|Any CPU.Build.0 = Release|Any CPU
		{E771E805-9CF3-497E-820A-48A6FB256C2C}.Debug|Any CPU.ActiveCfg = Debug|Any CPU
		{E771E805-9CF3-497E-820A-48A6FB256C2C}.Debug|Any CPU.Build.0 = Debug|Any CPU
		{E771E805-9CF3-497E-820A-48A6FB256C2C}.Release|Any CPU.ActiveCfg = Release|Any CPU
		{E771E805-9CF3-497E-820A-48A6FB256C2C}.Release|Any CPU.Build.0 = Release|Any CPU
	EndGlobalSection
	GlobalSection(SolutionProperties) = preSolution
		HideSolutionNode = FALSE
	EndGlobalSection
	GlobalSection(ExtensibilityGlobals) = postSolution
		SolutionGuid = {A20A9ABE-03BA-40DD-B54B-11185CA39B97}
	EndGlobalSection
EndGlobal
